
Microsoft Visual Studio Solution File, Format Version 12.00
# Visual Studio 14
VisualStudioVersion = 14.0.25420.1
MinimumVisualStudioVersion = 10.0.40219.1
Project("{FAE04EC0-301F-11D3-BF4B-00C04F79EFBC}") = "FP-Client", "FinalProject\FP-Client.csproj", "{99FF9D9B-6064-41C6-B487-25947CDF0B43}"
EndProject
Project("{FAE04EC0-301F-11D3-BF4B-00C04F79EFBC}") = "FP-Server", "FP-Server\FP-Server.csproj", "{5FFE0BA4-50A7-4954-B236-51DC326D69E7}"
EndProject
Global
	GlobalSection(SolutionConfigurationPlatforms) = preSolution
		Debug|Any CPU = Debug|Any CPU
		Debug|x64 = Debug|x64
		Debug|x86 = Debug|x86
		Release|Any CPU = Release|Any CPU
		Release|x64 = Release|x64
		Release|x86 = Release|x86
	EndGlobalSection
	GlobalSection(ProjectConfigurationPlatforms) = postSolution
		{99FF9D9B-6064-41C6-B487-25947CDF0B43}.Debug|Any CPU.ActiveCfg = Debug|Any CPU
		{99FF9D9B-6064-41C6-B487-25947CDF0B43}.Debug|Any CPU.Build.0 = Debug|Any CPU
		{99FF9D9B-6064-41C6-B487-25947CDF0B43}.Debug|x64.ActiveCfg = Debug|Any CPU
		{99FF9D9B-6064-41C6-B487-25947CDF0B43}.Debug|x64.Build.0 = Debug|Any CPU
		{99FF9D9B-6064-41C6-B487-25947CDF0B43}.Debug|x86.ActiveCfg = Debug|Any CPU
		{99FF9D9B-6064-41C6-B487-25947CDF0B43}.Debug|x86.Build.0 = Debug|Any CPU
		{99FF9D9B-6064-41C6-B487-25947CDF0B43}.Release|Any CPU.ActiveCfg = Release|Any CPU
		{99FF9D9B-6064-41C6-B487-25947CDF0B43}.Release|Any CPU.Build.0 = Release|Any CPU
		{99FF9D9B-6064-41C6-B487-25947CDF0B43}.Release|x64.ActiveCfg = Release|Any CPU
		{99FF9D9B-6064-41C6-B487-25947CDF0B43}.Release|x64.Build.0 = Release|Any CPU
		{99FF9D9B-6064-41C6-B487-25947CDF0B43}.Release|x86.ActiveCfg = Release|Any CPU
		{99FF9D9B-6064-41C6-B487-25947CDF0B43}.Release|x86.Build.0 = Release|Any CPU
		{5FFE0BA4-50A7-4954-B236-51DC326D69E7}.Debug|Any CPU.ActiveCfg = Debug|Any CPU
		{5FFE0BA4-50A7-4954-B236-51DC326D69E7}.Debug|Any CPU.Build.0 = Debug|Any CPU
		{5FFE0BA4-50A7-4954-B236-51DC326D69E7}.Debug|x64.ActiveCfg = Debug|Any CPU
		{5FFE0BA4-50A7-4954-B236-51DC326D69E7}.Debug|x64.Build.0 = Debug|Any CPU
		{5FFE0BA4-50A7-4954-B236-51DC326D69E7}.Debug|x86.ActiveCfg = Debug|Any CPU
		{5FFE0BA4-50A7-4954-B236-51DC326D69E7}.Debug|x86.Build.0 = Debug|Any CPU
		{5FFE0BA4-50A7-4954-B236-51DC326D69E7}.Release|Any CPU.ActiveCfg = Release|Any CPU
		{5FFE0BA4-50A7-4954-B236-51DC326D69E7}.Release|Any CPU.Build.0 = Release|Any CPU
		{5FFE0BA4-50A7-4954-B236-51DC326D69E7}.Release|x64.ActiveCfg = Release|Any CPU
		{5FFE0BA4-50A7-4954-B236-51DC326D69E7}.Release|x64.Build.0 = Release|Any CPU
		{5FFE0BA4-50A7-4954-B236-51DC326D69E7}.Release|x86.ActiveCfg = Release|Any CPU
		{5FFE0BA4-50A7-4954-B236-51DC326D69E7}.Release|x86.Build.0 = Release|Any CPU
	EndGlobalSection
	GlobalSection(SolutionProperties) = preSolution
		HideSolutionNode = FALSE
	EndGlobalSection
EndGlobal
