
Microsoft Visual Studio Solution File, Format Version 12.00
# Visual Studio 14
VisualStudioVersion = 14.0.25420.1
MinimumVisualStudioVersion = 10.0.40219.1
Project("{FAE04EC0-301F-11D3-BF4B-00C04F79EFBC}") = "ClassLibrary", "ClassLibrary\ClassLibrary.csproj", "{A820E1FA-CACF-46DC-99E9-C3E787ADDEAB}"
EndProject
Global
	GlobalSection(SolutionConfigurationPlatforms) = preSolution
		Debug|Any CPU = Debug|Any CPU
		Release|Any CPU = Release|Any CPU
	EndGlobalSection
	GlobalSection(ProjectConfigurationPlatforms) = postSolution
		{A820E1FA-CACF-46DC-99E9-C3E787ADDEAB}.Debug|Any CPU.ActiveCfg = Debug|Any CPU
		{A820E1FA-CACF-46DC-99E9-C3E787ADDEAB}.Debug|Any CPU.Build.0 = Debug|Any CPU
		{A820E1FA-CACF-46DC-99E9-C3E787ADDEAB}.Release|Any CPU.ActiveCfg = Release|Any CPU
		{A820E1FA-CACF-46DC-99E9-C3E787ADDEAB}.Release|Any CPU.Build.0 = Release|Any CPU
	EndGlobalSection
	GlobalSection(SolutionProperties) = preSolution
		HideSolutionNode = FALSE
	EndGlobalSection
EndGlobal
